
Microsoft Visual Studio Solution File, Format Version 12.00
# Visual Studio Version 17
VisualStudioVersion = 17.13.35931.197
MinimumVisualStudioVersion = 10.0.40219.1
Project("{FAE04EC0-301F-11D3-BF4B-00C04F79EFBC}") = "DVLD", "DVLD.csproj", "{4BCE5CAF-ED37-4C9E-9CF2-34DEF9CAC97C}"
EndProject
Project("{FAE04EC0-301F-11D3-BF4B-00C04F79EFBC}") = "DVLD_Buisness-logic", "..\Business-Logic\DVLD_Buisness-logic.csproj", "{6752C651-6685-4D67-AFDB-7DAA298077B6}"
EndProject
Project("{FAE04EC0-301F-11D3-BF4B-00C04F79EFBC}") = "DVLD_DataAccessLayer", "..\DataAccessLayer\DVLD_DataAccessLayer.csproj", "{9101EC7E-0E34-4CE7-8507-B8C80730819C}"
EndProject
Global
	GlobalSection(SolutionConfigurationPlatforms) = preSolution
		Debug|Any CPU = Debug|Any CPU
		Release|Any CPU = Release|Any CPU
	EndGlobalSection
	GlobalSection(ProjectConfigurationPlatforms) = postSolution
		{4BCE5CAF-ED37-4C9E-9CF2-34DEF9CAC97C}.Debug|Any CPU.ActiveCfg = Debug|Any CPU
		{4BCE5CAF-ED37-4C9E-9CF2-34DEF9CAC97C}.Debug|Any CPU.Build.0 = Debug|Any CPU
		{4BCE5CAF-ED37-4C9E-9CF2-34DEF9CAC97C}.Release|Any CPU.ActiveCfg = Release|Any CPU
		{4BCE5CAF-ED37-4C9E-9CF2-34DEF9CAC97C}.Release|Any CPU.Build.0 = Release|Any CPU
		{6752C651-6685-4D67-AFDB-7DAA298077B6}.Debug|Any CPU.ActiveCfg = Debug|Any CPU
		{6752C651-6685-4D67-AFDB-7DAA298077B6}.Debug|Any CPU.Build.0 = Debug|Any CPU
		{6752C651-6685-4D67-AFDB-7DAA298077B6}.Release|Any CPU.ActiveCfg = Release|Any CPU
		{6752C651-6685-4D67-AFDB-7DAA298077B6}.Release|Any CPU.Build.0 = Release|Any CPU
		{9101EC7E-0E34-4CE7-8507-B8C80730819C}.Debug|Any CPU.ActiveCfg = Debug|Any CPU
		{9101EC7E-0E34-4CE7-8507-B8C80730819C}.Debug|Any CPU.Build.0 = Debug|Any CPU
		{9101EC7E-0E34-4CE7-8507-B8C80730819C}.Release|Any CPU.ActiveCfg = Release|Any CPU
		{9101EC7E-0E34-4CE7-8507-B8C80730819C}.Release|Any CPU.Build.0 = Release|Any CPU
	EndGlobalSection
	GlobalSection(SolutionProperties) = preSolution
		HideSolutionNode = FALSE
	EndGlobalSection
	GlobalSection(ExtensibilityGlobals) = postSolution
		SolutionGuid = {62C8406C-646F-4D2A-BD5A-F04A2CA10BAE}
	EndGlobalSection
EndGlobal
